schema: '2.0'
stages:
  extract:
    cmd: python extract.py
    deps:
    - path: extract.py
      hash: md5
      md5: 3d37dc2470d415c30b2bde6359360ae2
      size: 81
    - path: extract/
      hash: md5
      md5: 79e014d3d604762eab519cddfe04e5a9.dir
      size: 3938
      nfiles: 6
    outs:
    - path: data/raw/Gaming and Mental Health.csv
      hash: md5
      md5: bea0bfe67e7c37b640e44e8141ee02e4
      size: 152355
  preprocess:
    cmd: python transform.py
    deps:
    - path: data/raw/Gaming and Mental Health.csv
      hash: md5
      md5: bea0bfe67e7c37b640e44e8141ee02e4
      size: 152355
    - path: transform.py
      hash: md5
      md5: 18cfe4f0e2088f285987f2d4b05f1350
      size: 411
    - path: transformer/
      hash: md5
      md5: 027e8ac5704bbddceb04dec356dd09b8.dir
      size: 3695
      nfiles: 6
    outs:
    - path: data/processed/data.parquet
      hash: md5
      md5: cd277ba7c58b23188a1bd256f3c51efe
      size: 15679
  train:
    cmd: python train.py
    deps:
    - path: data/processed/data.parquet
      hash: md5
      md5: cd277ba7c58b23188a1bd256f3c51efe
      size: 15679
    - path: params.yaml
      hash: md5
      md5: e3ef14448dd46e01fb203854adee7261
      size: 915
    - path: train.py
      hash: md5
      md5: 5d29bd3948bb8bfc5beec1b052335fed
      size: 5514
    - path: trainer/
      hash: md5
      md5: b900a90d050d8c2a65cf956ffc0efdb5.dir
      size: 5927
      nfiles: 6
    params:
      params.yaml:
        data:
          processed_path: data/processed/data.parquet
          test_size: 0.2
          random_state: 42
          target_column: academic_work_performance
          features:
          - age
          - gender
          - daily_gaming_hours
          - game_genre
          - primary_game
          - gaming_platform
          - sleep_hours
          - sleep_quality
          - sleep_disruption_frequency
          - face_to_face_social_hours_weekly
        knn:
          n_neighbors: 7
          weights: uniform
          metric: minkowski
        random_forest:
          n_estimators: 100
          max_depth:
          min_samples_split: 2
          min_samples_leaf: 1
          class_weight: balanced
          n_jobs: -1
        train:
          model: random_forest
          experiment_name: gaming-mental-health
        xgboost:
          n_estimators: 200
          max_depth: 6
          learning_rate: 0.1
          subsample: 0.8
          eval_metric: mlogloss
    outs:
    - path: metrics/metrics.json
      hash: md5
      md5: 4dac1ea93eaa61587187340c54cf62b0
      size: 86
    - path: models/model_pipeline.joblib
      hash: md5
      md5: f83b4cec9149e59c373f9bf2f24c053a
      size: 5167962
